// !$*UTF8*$!
{
	archiveVersion = 1;
	classes = {
	};
	objectVersion = 46;
	objects = {

/* Begin PBXBuildFile section */
		94104D3F1F0E29DE00C44E81 /* StatusMenuController.swift in Sources */ = {isa = PBXBuildFile; fileRef = 94104D3E1F0E29DE00C44E81 /* StatusMenuController.swift */; };
		94703F401F0E20F600D875E8 /* AppDelegate.swift in Sources */ = {isa = PBXBuildFile; fileRef = 94703F3F1F0E20F600D875E8 /* AppDelegate.swift */; };
		94703F421F0E20F600D875E8 /* Assets.xcassets in Resources */ = {isa = PBXBuildFile; fileRef = 94703F411F0E20F600D875E8 /* Assets.xcassets */; };
		94703F451F0E20F600D875E8 /* MainMenu.xib in Resources */ = {isa = PBXBuildFile; fileRef = 94703F431F0E20F600D875E8 /* MainMenu.xib */; };
		94703F501F0E20F600D875E8 /* EmpyreanEyesTests.swift in Sources */ = {isa = PBXBuildFile; fileRef = 94703F4F1F0E20F600D875E8 /* EmpyreanEyesTests.swift */; };
/* End PBXBuildFile section */

/* Begin PBXContainerItemProxy section */
		94703F4C1F0E20F600D875E8 /* PBXContainerItemProxy */ = {
			isa = PBXContainerItemProxy;
			containerPortal = 94703F341F0E20F600D875E8 /* Project object */;
			proxyType = 1;
			remoteGlobalIDString = 94703F3B1F0E20F600D875E8;
			remoteInfo = EmpyreanEyes;
		};
/* End PBXContainerItemProxy section */

/* Begin PBXFileReference section */
		94104D3E1F0E29DE00C44E81 /* StatusMenuController.swift */ = {isa = PBXFileReference; fileEncoding = 4; lastKnownFileType = sourcecode.swift; path = StatusMenuController.swift; sourceTree = "<group>"; };
		94703F3C1F0E20F600D875E8 /* EmpyreanEyes.app */ = {isa = PBXFileReference; explicitFileType = wrapper.application; includeInIndex = 0; path = EmpyreanEyes.app; sourceTree = BUILT_PRODUCTS_DIR; };
		94703F3F1F0E20F600D875E8 /* AppDelegate.swift */ = {isa = PBXFileReference; lastKnownFileType = sourcecode.swift; path = AppDelegate.swift; sourceTree = "<group>"; };
		94703F411F0E20F600D875E8 /* Assets.xcassets */ = {isa = PBXFileReference; lastKnownFileType = folder.assetcatalog; path = Assets.xcassets; sourceTree = "<group>"; };
		94703F441F0E20F600D875E8 /* Base */ = {isa = PBXFileReference; lastKnownFileType = file.xib; name = Base; path = Base.lproj/MainMenu.xib; sourceTree = "<group>"; };
		94703F461F0E20F600D875E8 /* Info.plist */ = {isa = PBXFileReference; lastKnownFileType = text.plist.xml; path = Info.plist; sourceTree = "<group>"; };
		94703F4B1F0E20F600D875E8 /* EmpyreanEyesTests.xctest */ = {isa = PBXFileReference; explicitFileType = wrapper.cfbundle; includeInIndex = 0; path = EmpyreanEyesTests.xctest; sourceTree = BUILT_PRODUCTS_DIR; };
		94703F4F1F0E20F600D875E8 /* EmpyreanEyesTests.swift */ = {isa = PBXFileReference; lastKnownFileType = sourcecode.swift; path = EmpyreanEyesTests.swift; sourceTree = "<group>"; };
		94703F511F0E20F600D875E8 /* Info.plist */ = {isa = PBXFileReference; lastKnownFileType = text.plist.xml; path = Info.plist; sourceTree = "<group>"; };
/* End PBXFileReference section */

/* Begin PBXFrameworksBuildPhase section */
		94703F391F0E20F600D875E8 /* Frameworks */ = {
			isa = PBXFrameworksBuildPhase;
			buildActionMask = 2147483647;
			files = (
			);
			runOnlyForDeploymentPostprocessing = 0;
		};
		94703F481F0E20F600D875E8 /* Frameworks */ = {
			isa = PBXFrameworksBuildPhase;
			buildActionMask = 2147483647;
			files = (
			);
			runOnlyForDeploymentPostprocessing = 0;
		};
/* End PBXFrameworksBuildPhase section */

/* Begin PBXGroup section */
		94703F331F0E20F600D875E8 = {
			isa = PBXGroup;
			children = (
				94703F3E1F0E20F600D875E8 /* EmpyreanEyes */,
				94703F4E1F0E20F600D875E8 /* EmpyreanEyesTests */,
				94703F3D1F0E20F600D875E8 /* Products */,
			);
			sourceTree = "<group>";
		};
		94703F3D1F0E20F600D875E8 /* Products */ = {
			isa = PBXGroup;
			children = (
				94703F3C1F0E20F600D875E8 /* EmpyreanEyes.app */,
				94703F4B1F0E20F600D875E8 /* EmpyreanEyesTests.xctest */,
			);
			name = Products;
			sourceTree = "<group>";
		};
		94703F3E1F0E20F600D875E8 /* EmpyreanEyes */ = {
			isa = PBXGroup;
			children = (
				94104D3E1F0E29DE00C44E81 /* StatusMenuController.swift */,
				94703F3F1F0E20F600D875E8 /* AppDelegate.swift */,
				94703F411F0E20F600D875E8 /* Assets.xcassets */,
				94703F431F0E20F600D875E8 /* MainMenu.xib */,
				94703F461F0E20F600D875E8 /* Info.plist */,
			);
			path = EmpyreanEyes;
			sourceTree = "<group>";
		};
		94703F4E1F0E20F600D875E8 /* EmpyreanEyesTests */ = {
			isa = PBXGroup;
			children = (
				94703F4F1F0E20F600D875E8 /* EmpyreanEyesTests.swift */,
				94703F511F0E20F600D875E8 /* Info.plist */,
			);
			path = EmpyreanEyesTests;
			sourceTree = "<group>";
		};
/* End PBXGroup section */

/* Begin PBXNativeTarget section */
		94703F3B1F0E20F600D875E8 /* EmpyreanEyes */ = {
			isa = PBXNativeTarget;
			buildConfigurationList = 94703F541F0E20F600D875E8 /* Build configuration list for PBXNativeTarget "EmpyreanEyes" */;
			buildPhases = (
				94703F381F0E20F600D875E8 /* Sources */,
				94703F391F0E20F600D875E8 /* Frameworks */,
				94703F3A1F0E20F600D875E8 /* Resources */,
			);
			buildRules = (
			);
			dependencies = (
			);
			name = EmpyreanEyes;
			productName = EmpyreanEyes;
			productReference = 94703F3C1F0E20F600D875E8 /* EmpyreanEyes.app */;
			productType = "com.apple.product-type.application";
		};
		94703F4A1F0E20F600D875E8 /* EmpyreanEyesTests */ = {
			isa = PBXNativeTarget;
			buildConfigurationList = 94703F571F0E20F600D875E8 /* Build configuration list for PBXNativeTarget "EmpyreanEyesTests" */;
			buildPhases = (
				94703F471F0E20F600D875E8 /* Sources */,
				94703F481F0E20F600D875E8 /* Frameworks */,
				94703F491F0E20F600D875E8 /* Resources */,
			);
			buildRules = (
			);
			dependencies = (
				94703F4D1F0E20F600D875E8 /* PBXTargetDependency */,
			);
			name = EmpyreanEyesTests;
			productName = EmpyreanEyesTests;
			productReference = 94703F4B1F0E20F600D875E8 /* EmpyreanEyesTests.xctest */;
			productType = "com.apple.product-type.bundle.unit-test";
		};
/* End PBXNativeTarget section */

/* Begin PBXProject section */
		94703F341F0E20F600D875E8 /* Project object */ = {
			isa = PBXProject;
			attributes = {
				LastSwiftUpdateCheck = 0820;
				LastUpgradeCheck = 0820;
				ORGANIZATIONNAME = "Sky Wang";
				TargetAttributes = {
					94703F3B1F0E20F600D875E8 = {
						CreatedOnToolsVersion = 8.2.1;
						DevelopmentTeam = AAT74C9589;
						ProvisioningStyle = Automatic;
					};
					94703F4A1F0E20F600D875E8 = {
						CreatedOnToolsVersion = 8.2.1;
						DevelopmentTeam = AAT74C9589;
						ProvisioningStyle = Automatic;
						TestTargetID = 94703F3B1F0E20F600D875E8;
					};
				};
			};
			buildConfigurationList = 94703F371F0E20F600D875E8 /* Build configuration list for PBXProject "EmpyreanEyes" */;
			compatibilityVersion = "Xcode 3.2";
			developmentRegion = English;
			hasScannedForEncodings = 0;
			knownRegions = (
				en,
				Base,
			);
			mainGroup = 94703F331F0E20F600D875E8;
			productRefGroup = 94703F3D1F0E20F600D875E8 /* Products */;
			projectDirPath = "";
			projectRoot = "";
			targets = (
				94703F3B1F0E20F600D875E8 /* EmpyreanEyes */,
				94703F4A1F0E20F600D875E8 /* EmpyreanEyesTests */,
			);
		};
/* End PBXProject section */

/* Begin PBXResourcesBuildPhase section */
		94703F3A1F0E20F600D875E8 /* Resources */ = {
			isa = PBXResourcesBuildPhase;
			buildActionMask = 2147483647;
			files = (
				94703F421F0E20F600D875E8 /* Assets.xcassets in Resources */,
				94703F451F0E20F600D875E8 /* MainMenu.xib in Resources */,
			);
			runOnlyForDeploymentPostprocessing = 0;
		};
		94703F491F0E20F600D875E8 /* Resources */ = {
			isa = PBXResourcesBuildPhase;
			buildActionMask = 2147483647;
			files = (
			);
			runOnlyForDeploymentPostprocessing = 0;
		};
/* End PBXResourcesBuildPhase section */

/* Begin PBXSourcesBuildPhase section */
		94703F381F0E20F600D875E8 /* Sources */ = {
			isa = PBXSourcesBuildPhase;
			buildActionMask = 2147483647;
			files = (
				94104D3F1F0E29DE00C44E81 /* StatusMenuController.swift in Sources */,
				94703F401F0E20F600D875E8 /* AppDelegate.swift in Sources */,
			);
			runOnlyForDeploymentPostprocessing = 0;
		};
		94703F471F0E20F600D875E8 /* Sources */ = {
			isa = PBXSourcesBuildPhase;
			buildActionMask = 2147483647;
			files = (
				94703F501F0E20F600D875E8 /* EmpyreanEyesTests.swift in Sources */,
			);
			runOnlyForDeploymentPostprocessing = 0;
		};
/* End PBXSourcesBuildPhase section */

/* Begin PBXTargetDependency section */
		94703F4D1F0E20F600D875E8 /* PBXTargetDependency */ = {
			isa = PBXTargetDependency;
			target = 94703F3B1F0E20F600D875E8 /* EmpyreanEyes */;
			targetProxy = 94703F4C1F0E20F600D875E8 /* PBXContainerItemProxy */;
		};
/* End PBXTargetDependency section */

/* Begin PBXVariantGroup section */
		94703F431F0E20F600D875E8 /* MainMenu.xib */ = {
			isa = PBXVariantGroup;
			children = (
				94703F441F0E20F600D875E8 /* Base */,
			);
			name = MainMenu.xib;
			sourceTree = "<group>";
		};
/* End PBXVariantGroup section */

/* Begin XCBuildConfiguration section */
		94703F521F0E20F600D875E8 /* Debug */ = {
			isa = XCBuildConfiguration;
			buildSettings = {
				ALWAYS_SEARCH_USER_PATHS = NO;
				CLANG_ANALYZER_NONNULL = YES;
				CLANG_CXX_LANGUAGE_STANDARD = "gnu++0x";
				CLANG_CXX_LIBRARY = "libc++";
				CLANG_ENABLE_MODULES = YES;
				CLANG_ENABLE_OBJC_ARC = YES;
				CLANG_WARN_BOOL_CONVERSION = YES;
				CLANG_WARN_CONSTANT_CONVERSION = YES;
				CLANG_WARN_DIRECT_OBJC_ISA_USAGE = YES_ERROR;
				CLANG_WARN_DOCUMENTATION_COMMENTS = YES;
				CLANG_WARN_EMPTY_BODY = YES;
				CLANG_WARN_ENUM_CONVERSION = YES;
				CLANG_WARN_INFINITE_RECURSION = YES;
				CLANG_WARN_INT_CONVERSION = YES;
				CLANG_WARN_OBJC_ROOT_CLASS = YES_ERROR;
				CLANG_WARN_SUSPICIOUS_MOVE = YES;
				CLANG_WARN_UNREACHABLE_CODE = YES;
				CLANG_WARN__DUPLICATE_METHOD_MATCH = YES;
				CODE_SIGN_IDENTITY = "-";
				COPY_PHASE_STRIP = NO;
				DEBUG_INFORMATION_FORMAT = dwarf;
				ENABLE_STRICT_OBJC_MSGSEND = YES;
				ENABLE_TESTABILITY = YES;
				GCC_C_LANGUAGE_STANDARD = gnu99;
				GCC_DYNAMIC_NO_PIC = NO;
				GCC_NO_COMMON_BLOCKS = YES;
				GCC_OPTIMIZATION_LEVEL = 0;
				GCC_PREPROCESSOR_DEFINITIONS = (
					"DEBUG=1",
					"$(inherited)",
				);
				GCC_WARN_64_TO_32_BIT_CONVERSION = YES;
				GCC_WARN_ABOUT_RETURN_TYPE = YES_ERROR;
				GCC_WARN_UNDECLARED_SELECTOR = YES;
				GCC_WARN_UNINITIALIZED_AUTOS = YES_AGGRESSIVE;
				GCC_WARN_UNUSED_FUNCTION = YES;
				GCC_WARN_UNUSED_VARIABLE = YES;
				MACOSX_DEPLOYMENT_TARGET = 10.12;
				MTL_ENABLE_DEBUG_INFO = YES;
				ONLY_ACTIVE_ARCH = YES;
				SDKROOT = macosx;
				SWIFT_ACTIVE_COMPILATION_CONDITIONS = DEBUG;
				SWIFT_OPTIMIZATION_LEVEL = "-Onone";
			};
			name = Debug;
		};
		94703F531F0E20F600D875E8 /* Release */ = {
			isa = XCBuildConfiguration;
			buildSettings = {
				ALWAYS_SEARCH_USER_PATHS = NO;
				CLANG_ANALYZER_NONNULL = YES;
				CLANG_CXX_LANGUAGE_STANDARD = "gnu++0x";
				CLANG_CXX_LIBRARY = "libc++";
				CLANG_ENABLE_MODULES = YES;
				CLANG_ENABLE_OBJC_ARC = YES;
				CLANG_WARN_BOOL_CONVERSION = YES;
				CLANG_WARN_CONSTANT_CONVERSION = YES;
				CLANG_WARN_DIRECT_OBJC_ISA_USAGE = YES_ERROR;
				CLANG_WARN_DOCUMENTATION_COMMENTS = YES;
				CLANG_WARN_EMPTY_BODY = YES;
				CLANG_WARN_ENUM_CONVERSION = YES;
				CLANG_WARN_INFINITE_RECURSION = YES;
				CLANG_WARN_INT_CONVERSION = YES;
				CLANG_WARN_OBJC_ROOT_CLASS = YES_ERROR;
				CLANG_WARN_SUSPICIOUS_MOVE = YES;
				CLANG_WARN_UNREACHABLE_CODE = YES;
				CLANG_WARN__DUPLICATE_METHOD_MATCH = YES;
				CODE_SIGN_IDENTITY = "-";
				COPY_PHASE_STRIP = NO;
				DEBUG_INFORMATION_FORMAT = "dwarf-with-dsym";
				ENABLE_NS_ASSERTIONS = NO;
				ENABLE_STRICT_OBJC_MSGSEND = YES;
				GCC_C_LANGUAGE_STANDARD = gnu99;
				GCC_NO_COMMON_BLOCKS = YES;
				GCC_WARN_64_TO_32_BIT_CONVERSION = YES;
				GCC_WARN_ABOUT_RETURN_TYPE = YES_ERROR;
				GCC_WARN_UNDECLARED_SELECTOR = YES;
				GCC_WARN_UNINITIALIZED_AUTOS = YES_AGGRESSIVE;
				GCC_WARN_UNUSED_FUNCTION = YES;
				GCC_WARN_UNUSED_VARIABLE = YES;
				MACOSX_DEPLOYMENT_TARGET = 10.12;
				MTL_ENABLE_DEBUG_INFO = NO;
				SDKROOT = macosx;
				SWIFT_OPTIMIZATION_LEVEL = "-Owholemodule";
			};
			name = Release;
		};
		94703F551F0E20F600D875E8 /* Debug */ = {
			isa = XCBuildConfiguration;
			buildSettings = {
				ASSETCATALOG_COMPILER_APPICON_NAME = AppIcon;
				COMBINE_HIDPI_IMAGES = YES;
				DEVELOPMENT_TEAM = AAT74C9589;
				INFOPLIST_FILE = EmpyreanEyes/Info.plist;
				LD_RUNPATH_SEARCH_PATHS = "$(inherited) @executable_path/../Frameworks";
				PRODUCT_BUNDLE_IDENTIFIER = com.skywang.EmpyreanEyes;
				PRODUCT_NAME = "$(TARGET_NAME)";
				SWIFT_VERSION = 3.0;
			};
			name = Debug;
		};
		94703F561F0E20F600D875E8 /* Release */ = {
			isa = XCBuildConfiguration;
			buildSettings = {
				ASSETCATALOG_COMPILER_APPICON_NAME = AppIcon;
				COMBINE_HIDPI_IMAGES = YES;
				DEVELOPMENT_TEAM = AAT74C9589;
				INFOPLIST_FILE = EmpyreanEyes/Info.plist;
				LD_RUNPATH_SEARCH_PATHS = "$(inherited) @executable_path/../Frameworks";
				PRODUCT_BUNDLE_IDENTIFIER = com.skywang.EmpyreanEyes;
				PRODUCT_NAME = "$(TARGET_NAME)";
				SWIFT_VERSION = 3.0;
			};
			name = Release;
		};
		94703F581F0E20F600D875E8 /* Debug */ = {
			isa = XCBuildConfiguration;
			buildSettings = {
				ALWAYS_EMBED_SWIFT_STANDARD_LIBRARIES = YES;
				BUNDLE_LOADER = "$(TEST_HOST)";
				COMBINE_HIDPI_IMAGES = YES;
				DEVELOPMENT_TEAM = AAT74C9589;
				INFOPLIST_FILE = EmpyreanEyesTests/Info.plist;
				LD_RUNPATH_SEARCH_PATHS = "$(inherited) @executable_path/../Frameworks @loader_path/../Frameworks";
				PRODUCT_BUNDLE_IDENTIFIER = com.skywang.EmpyreanEyesTests;
				PRODUCT_NAME = "$(TARGET_NAME)";
				SWIFT_VERSION = 3.0;
				TEST_HOST = "$(BUILT_PRODUCTS_DIR)/EmpyreanEyes.app/Contents/MacOS/EmpyreanEyes";
			};
			name = Debug;
		};
		94703F591F0E20F600D875E8 /* Release */ = {
			isa = XCBuildConfiguration;
			buildSettings = {
				ALWAYS_EMBED_SWIFT_STANDARD_LIBRARIES = YES;
				BUNDLE_LOADER = "$(TEST_HOST)";
				COMBINE_HIDPI_IMAGES = YES;
				DEVELOPMENT_TEAM = AAT74C9589;
				INFOPLIST_FILE = EmpyreanEyesTests/Info.plist;
				LD_RUNPATH_SEARCH_PATHS = "$(inherited) @executable_path/../Frameworks @loader_path/../Frameworks";
				PRODUCT_BUNDLE_IDENTIFIER = com.skywang.EmpyreanEyesTests;
				PRODUCT_NAME = "$(TARGET_NAME)";
				SWIFT_VERSION = 3.0;
				TEST_HOST = "$(BUILT_PRODUCTS_DIR)/EmpyreanEyes.app/Contents/MacOS/EmpyreanEyes";
			};
			name = Release;
		};
/* End XCBuildConfiguration section */

/* Begin XCConfigurationList section */
		94703F371F0E20F600D875E8 /* Build configuration list for PBXProject "EmpyreanEyes" */ = {
			isa = XCConfigurationList;
			buildConfigurations = (
				94703F521F0E20F600D875E8 /* Debug */,
				94703F531F0E20F600D875E8 /* Release */,
			);
			defaultConfigurationIsVisible = 0;
			defaultConfigurationName = Release;
		};
		94703F541F0E20F600D875E8 /* Build configuration list for PBXNativeTarget "EmpyreanEyes" */ = {
			isa = XCConfigurationList;
			buildConfigurations = (
				94703F551F0E20F600D875E8 /* Debug */,
				94703F561F0E20F600D875E8 /* Release */,
			);
			defaultConfigurationIsVisible = 0;
			defaultConfigurationName = Release;
		};
		94703F571F0E20F600D875E8 /* Build configuration list for PBXNativeTarget "EmpyreanEyesTests" */ = {
			isa = XCConfigurationList;
			buildConfigurations = (
				94703F581F0E20F600D875E8 /* Debug */,
				94703F591F0E20F600D875E8 /* Release */,
			);
			defaultConfigurationIsVisible = 0;
			defaultConfigurationName = Release;
		};
/* End XCConfigurationList section */
	};
	rootObject = 94703F341F0E20F600D875E8 /* Project object */;
}
